
Microsoft Visual Studio Solution File, Format Version 12.00
# Visual Studio Version 16
VisualStudioVersion = 16.0.29411.108
MinimumVisualStudioVersion = 10.0.40219.1
Project("{FAE04EC0-301F-11D3-BF4B-00C04F79EFBC}") = "anexinet_exercise", "anexinet_exercise\anexinet_exercise.csproj", "{FD0CBB7D-FA74-4485-967D-0157E3165FB3}"
EndProject
Global
	GlobalSection(SolutionConfigurationPlatforms) = preSolution
		Debug|Any CPU = Debug|Any CPU
		Release|Any CPU = Release|Any CPU
	EndGlobalSection
	GlobalSection(ProjectConfigurationPlatforms) = postSolution
		{FD0CBB7D-FA74-4485-967D-0157E3165FB3}.Debug|Any CPU.ActiveCfg = Debug|Any CPU
		{FD0CBB7D-FA74-4485-967D-0157E3165FB3}.Debug|Any CPU.Build.0 = Debug|Any CPU
		{FD0CBB7D-FA74-4485-967D-0157E3165FB3}.Release|Any CPU.ActiveCfg = Release|Any CPU
		{FD0CBB7D-FA74-4485-967D-0157E3165FB3}.Release|Any CPU.Build.0 = Release|Any CPU
	EndGlobalSection
	GlobalSection(SolutionProperties) = preSolution
		HideSolutionNode = FALSE
	EndGlobalSection
	GlobalSection(ExtensibilityGlobals) = postSolution
		SolutionGuid = {FED24D51-ED75-42FA-B6D8-B7C93566068E}
	EndGlobalSection
EndGlobal
